// !$*UTF8*$!
{
	archiveVersion = 1;
	classes = {
	};
	objectVersion = 50;
	objects = {

/* Begin PBXBuildFile section */
		E259A6FC2480DD4600D0F7EB /* AppDelegate.swift in Sources */ = {isa = PBXBuildFile; fileRef = E259A6FB2480DD4600D0F7EB /* AppDelegate.swift */; };
		E259A6FE2480DD4600D0F7EB /* SceneDelegate.swift in Sources */ = {isa = PBXBuildFile; fileRef = E259A6FD2480DD4600D0F7EB /* SceneDelegate.swift */; };
		E259A7002480DD4600D0F7EB /* CategoriesVC.swift in Sources */ = {isa = PBXBuildFile; fileRef = E259A6FF2480DD4600D0F7EB /* CategoriesVC.swift */; };
		E259A7032480DD4600D0F7EB /* Main.storyboard in Resources */ = {isa = PBXBuildFile; fileRef = E259A7012480DD4600D0F7EB /* Main.storyboard */; };
		E259A7052480DD4700D0F7EB /* Assets.xcassets in Resources */ = {isa = PBXBuildFile; fileRef = E259A7042480DD4700D0F7EB /* Assets.xcassets */; };
		E259A7082480DD4700D0F7EB /* LaunchScreen.storyboard in Resources */ = {isa = PBXBuildFile; fileRef = E259A7062480DD4700D0F7EB /* LaunchScreen.storyboard */; };
		E2BE4C1A2482830300F44CE1 /* CategoryCell.swift in Sources */ = {isa = PBXBuildFile; fileRef = E2BE4C192482830300F44CE1 /* CategoryCell.swift */; };
		E2BE4C1D24828C0B00F44CE1 /* DataService.swift in Sources */ = {isa = PBXBuildFile; fileRef = E2BE4C1C24828C0B00F44CE1 /* DataService.swift */; };
		E2BE4C1F24828D0100F44CE1 /* Category.swift in Sources */ = {isa = PBXBuildFile; fileRef = E2BE4C1E24828D0100F44CE1 /* Category.swift */; };
/* End PBXBuildFile section */

/* Begin PBXFileReference section */
		E259A6F82480DD4600D0F7EB /* coder-swag.app */ = {isa = PBXFileReference; explicitFileType = wrapper.application; includeInIndex = 0; path = "coder-swag.app"; sourceTree = BUILT_PRODUCTS_DIR; };
		E259A6FB2480DD4600D0F7EB /* AppDelegate.swift */ = {isa = PBXFileReference; lastKnownFileType = sourcecode.swift; path = AppDelegate.swift; sourceTree = "<group>"; };
		E259A6FD2480DD4600D0F7EB /* SceneDelegate.swift */ = {isa = PBXFileReference; lastKnownFileType = sourcecode.swift; path = SceneDelegate.swift; sourceTree = "<group>"; };
		E259A6FF2480DD4600D0F7EB /* CategoriesVC.swift */ = {isa = PBXFileReference; lastKnownFileType = sourcecode.swift; path = CategoriesVC.swift; sourceTree = "<group>"; };
		E259A7022480DD4600D0F7EB /* Base */ = {isa = PBXFileReference; lastKnownFileType = file.storyboard; name = Base; path = Base.lproj/Main.storyboard; sourceTree = "<group>"; };
		E259A7042480DD4700D0F7EB /* Assets.xcassets */ = {isa = PBXFileReference; lastKnownFileType = folder.assetcatalog; path = Assets.xcassets; sourceTree = "<group>"; };
		E259A7072480DD4700D0F7EB /* Base */ = {isa = PBXFileReference; lastKnownFileType = file.storyboard; name = Base; path = Base.lproj/LaunchScreen.storyboard; sourceTree = "<group>"; };
		E259A7092480DD4700D0F7EB /* Info.plist */ = {isa = PBXFileReference; lastKnownFileType = text.plist.xml; path = Info.plist; sourceTree = "<group>"; };
		E2BE4C192482830300F44CE1 /* CategoryCell.swift */ = {isa = PBXFileReference; lastKnownFileType = sourcecode.swift; path = CategoryCell.swift; sourceTree = "<group>"; };
		E2BE4C1C24828C0B00F44CE1 /* DataService.swift */ = {isa = PBXFileReference; lastKnownFileType = sourcecode.swift; path = DataService.swift; sourceTree = "<group>"; };
		E2BE4C1E24828D0100F44CE1 /* Category.swift */ = {isa = PBXFileReference; lastKnownFileType = sourcecode.swift; path = Category.swift; sourceTree = "<group>"; };
/* End PBXFileReference section */

/* Begin PBXFrameworksBuildPhase section */
		E259A6F52480DD4600D0F7EB /* Frameworks */ = {
			isa = PBXFrameworksBuildPhase;
			buildActionMask = 2147483647;
			files = (
			);
			runOnlyForDeploymentPostprocessing = 0;
		};
/* End PBXFrameworksBuildPhase section */

/* Begin PBXGroup section */
		E259A6EF2480DD4600D0F7EB = {
			isa = PBXGroup;
			children = (
				E259A6FA2480DD4600D0F7EB /* coder-swag */,
				E259A6F92480DD4600D0F7EB /* Products */,
			);
			sourceTree = "<group>";
		};
		E259A6F92480DD4600D0F7EB /* Products */ = {
			isa = PBXGroup;
			children = (
				E259A6F82480DD4600D0F7EB /* coder-swag.app */,
			);
			name = Products;
			sourceTree = "<group>";
		};
		E259A6FA2480DD4600D0F7EB /* coder-swag */ = {
			isa = PBXGroup;
			children = (
				E2BE4C1B24828BE700F44CE1 /* Services */,
				E259A7112480DDBC00D0F7EB /* Model */,
				E259A7102480DDB400D0F7EB /* View */,
				E259A70F2480DDA700D0F7EB /* Controller */,
				E259A6FB2480DD4600D0F7EB /* AppDelegate.swift */,
				E259A6FD2480DD4600D0F7EB /* SceneDelegate.swift */,
				E259A7012480DD4600D0F7EB /* Main.storyboard */,
				E259A7042480DD4700D0F7EB /* Assets.xcassets */,
				E259A7062480DD4700D0F7EB /* LaunchScreen.storyboard */,
				E259A7092480DD4700D0F7EB /* Info.plist */,
			);
			path = "coder-swag";
			sourceTree = "<group>";
		};
		E259A70F2480DDA700D0F7EB /* Controller */ = {
			isa = PBXGroup;
			children = (
				E259A6FF2480DD4600D0F7EB /* CategoriesVC.swift */,
			);
			path = Controller;
			sourceTree = "<group>";
		};
		E259A7102480DDB400D0F7EB /* View */ = {
			isa = PBXGroup;
			children = (
				E2BE4C192482830300F44CE1 /* CategoryCell.swift */,
			);
			path = View;
			sourceTree = "<group>";
		};
		E259A7112480DDBC00D0F7EB /* Model */ = {
			isa = PBXGroup;
			children = (
				E2BE4C1E24828D0100F44CE1 /* Category.swift */,
			);
			path = Model;
			sourceTree = "<group>";
		};
		E2BE4C1B24828BE700F44CE1 /* Services */ = {
			isa = PBXGroup;
			children = (
				E2BE4C1C24828C0B00F44CE1 /* DataService.swift */,
			);
			path = Services;
			sourceTree = "<group>";
		};
/* End PBXGroup section */

/* Begin PBXNativeTarget section */
		E259A6F72480DD4600D0F7EB /* coder-swag */ = {
			isa = PBXNativeTarget;
			buildConfigurationList = E259A70C2480DD4700D0F7EB /* Build configuration list for PBXNativeTarget "coder-swag" */;
			buildPhases = (
				E259A6F42480DD4600D0F7EB /* Sources */,
				E259A6F52480DD4600D0F7EB /* Frameworks */,
				E259A6F62480DD4600D0F7EB /* Resources */,
			);
			buildRules = (
			);
			dependencies = (
			);
			name = "coder-swag";
			productName = "coder-swag";
			productReference = E259A6F82480DD4600D0F7EB /* coder-swag.app */;
			productType = "com.apple.product-type.application";
		};
/* End PBXNativeTarget section */

/* Begin PBXProject section */
		E259A6F02480DD4600D0F7EB /* Project object */ = {
			isa = PBXProject;
			attributes = {
				LastSwiftUpdateCheck = 1130;
				LastUpgradeCheck = 1130;
				ORGANIZATIONNAME = "Priya patel";
				TargetAttributes = {
					E259A6F72480DD4600D0F7EB = {
						CreatedOnToolsVersion = 11.3;
					};
				};
			};
			buildConfigurationList = E259A6F32480DD4600D0F7EB /* Build configuration list for PBXProject "coder-swag" */;
			compatibilityVersion = "Xcode 9.3";
			developmentRegion = en;
			hasScannedForEncodings = 0;
			knownRegions = (
				en,
				Base,
			);
			mainGroup = E259A6EF2480DD4600D0F7EB;
			productRefGroup = E259A6F92480DD4600D0F7EB /* Products */;
			projectDirPath = "";
			projectRoot = "";
			targets = (
				E259A6F72480DD4600D0F7EB /* coder-swag */,
			);
		};
/* End PBXProject section */

/* Begin PBXResourcesBuildPhase section */
		E259A6F62480DD4600D0F7EB /* Resources */ = {
			isa = PBXResourcesBuildPhase;
			buildActionMask = 2147483647;
			files = (
				E259A7082480DD4700D0F7EB /* LaunchScreen.storyboard in Resources */,
				E259A7052480DD4700D0F7EB /* Assets.xcassets in Resources */,
				E259A7032480DD4600D0F7EB /* Main.storyboard in Resources */,
			);
			runOnlyForDeploymentPostprocessing = 0;
		};
/* End PBXResourcesBuildPhase section */

/* Begin PBXSourcesBuildPhase section */
		E259A6F42480DD4600D0F7EB /* Sources */ = {
			isa = PBXSourcesBuildPhase;
			buildActionMask = 2147483647;
			files = (
				E259A7002480DD4600D0F7EB /* CategoriesVC.swift in Sources */,
				E259A6FC2480DD4600D0F7EB /* AppDelegate.swift in Sources */,
				E259A6FE2480DD4600D0F7EB /* SceneDelegate.swift in Sources */,
				E2BE4C1A2482830300F44CE1 /* CategoryCell.swift in Sources */,
				E2BE4C1D24828C0B00F44CE1 /* DataService.swift in Sources */,
				E2BE4C1F24828D0100F44CE1 /* Category.swift in Sources */,
			);
			runOnlyForDeploymentPostprocessing = 0;
		};
/* End PBXSourcesBuildPhase section */

/* Begin PBXVariantGroup section */
		E259A7012480DD4600D0F7EB /* Main.storyboard */ = {
			isa = PBXVariantGroup;
			children = (
				E259A7022480DD4600D0F7EB /* Base */,
			);
			name = Main.storyboard;
			sourceTree = "<group>";
		};
		E259A7062480DD4700D0F7EB /* LaunchScreen.storyboard */ = {
			isa = PBXVariantGroup;
			children = (
				E259A7072480DD4700D0F7EB /* Base */,
			);
			name = LaunchScreen.storyboard;
			sourceTree = "<group>";
		};
/* End PBXVariantGroup section */

/* Begin XCBuildConfiguration section */
		E259A70A2480DD4700D0F7EB /* Debug */ = {
			isa = XCBuildConfiguration;
			buildSettings = {
				ALWAYS_SEARCH_USER_PATHS = NO;
				CLANG_ANALYZER_NONNULL = YES;
				CLANG_ANALYZER_NUMBER_OBJECT_CONVERSION = YES_AGGRESSIVE;
				CLANG_CXX_LANGUAGE_STANDARD = "gnu++14";
				CLANG_CXX_LIBRARY = "libc++";
				CLANG_ENABLE_MODULES = YES;
				CLANG_ENABLE_OBJC_ARC = YES;
				CLANG_ENABLE_OBJC_WEAK = YES;
				CLANG_WARN_BLOCK_CAPTURE_AUTORELEASING = YES;
				CLANG_WARN_BOOL_CONVERSION = YES;
				CLANG_WARN_COMMA = YES;
				CLANG_WARN_CONSTANT_CONVERSION = YES;
				CLANG_WARN_DEPRECATED_OBJC_IMPLEMENTATIONS = YES;
				CLANG_WARN_DIRECT_OBJC_ISA_USAGE = YES_ERROR;
				CLANG_WARN_DOCUMENTATION_COMMENTS = YES;
				CLANG_WARN_EMPTY_BODY = YES;
				CLANG_WARN_ENUM_CONVERSION = YES;
				CLANG_WARN_INFINITE_RECURSION = YES;
				CLANG_WARN_INT_CONVERSION = YES;
				CLANG_WARN_NON_LITERAL_NULL_CONVERSION = YES;
				CLANG_WARN_OBJC_IMPLICIT_RETAIN_SELF = YES;
				CLANG_WARN_OBJC_LITERAL_CONVERSION = YES;
				CLANG_WARN_OBJC_ROOT_CLASS = YES_ERROR;
				CLANG_WARN_RANGE_LOOP_ANALYSIS = YES;
				CLANG_WARN_STRICT_PROTOTYPES = YES;
				CLANG_WARN_SUSPICIOUS_MOVE = YES;
				CLANG_WARN_UNGUARDED_AVAILABILITY = YES_AGGRESSIVE;
				CLANG_WARN_UNREACHABLE_CODE = YES;
				CLANG_WARN__DUPLICATE_METHOD_MATCH = YES;
				COPY_PHASE_STRIP = NO;
				DEBUG_INFORMATION_FORMAT = dwarf;
				ENABLE_STRICT_OBJC_MSGSEND = YES;
				ENABLE_TESTABILITY = YES;
				GCC_C_LANGUAGE_STANDARD = gnu11;
				GCC_DYNAMIC_NO_PIC = NO;
				GCC_NO_COMMON_BLOCKS = YES;
				GCC_OPTIMIZATION_LEVEL = 0;
				GCC_PREPROCESSOR_DEFINITIONS = (
					"DEBUG=1",
					"$(inherited)",
				);
				GCC_WARN_64_TO_32_BIT_CONVERSION = YES;
				GCC_WARN_ABOUT_RETURN_TYPE = YES_ERROR;
				GCC_WARN_UNDECLARED_SELECTOR = YES;
				GCC_WARN_UNINITIALIZED_AUTOS = YES_AGGRESSIVE;
				GCC_WARN_UNUSED_FUNCTION = YES;
				GCC_WARN_UNUSED_VARIABLE = YES;
				IPHONEOS_DEPLOYMENT_TARGET = 13.2;
				MTL_ENABLE_DEBUG_INFO = INCLUDE_SOURCE;
				MTL_FAST_MATH = YES;
				ONLY_ACTIVE_ARCH = YES;
				SDKROOT = iphoneos;
				SWIFT_ACTIVE_COMPILATION_CONDITIONS = DEBUG;
				SWIFT_OPTIMIZATION_LEVEL = "-Onone";
			};
			name = Debug;
		};
		E259A70B2480DD4700D0F7EB /* Release */ = {
			isa = XCBuildConfiguration;
			buildSettings = {
				ALWAYS_SEARCH_USER_PATHS = NO;
				CLANG_ANALYZER_NONNULL = YES;
				CLANG_ANALYZER_NUMBER_OBJECT_CONVERSION = YES_AGGRESSIVE;
				CLANG_CXX_LANGUAGE_STANDARD = "gnu++14";
				CLANG_CXX_LIBRARY = "libc++";
				CLANG_ENABLE_MODULES = YES;
				CLANG_ENABLE_OBJC_ARC = YES;
				CLANG_ENABLE_OBJC_WEAK = YES;
				CLANG_WARN_BLOCK_CAPTURE_AUTORELEASING = YES;
				CLANG_WARN_BOOL_CONVERSION = YES;
				CLANG_WARN_COMMA = YES;
				CLANG_WARN_CONSTANT_CONVERSION = YES;
				CLANG_WARN_DEPRECATED_OBJC_IMPLEMENTATIONS = YES;
				CLANG_WARN_DIRECT_OBJC_ISA_USAGE = YES_ERROR;
				CLANG_WARN_DOCUMENTATION_COMMENTS = YES;
				CLANG_WARN_EMPTY_BODY = YES;
				CLANG_WARN_ENUM_CONVERSION = YES;
				CLANG_WARN_INFINITE_RECURSION = YES;
				CLANG_WARN_INT_CONVERSION = YES;
				CLANG_WARN_NON_LITERAL_NULL_CONVERSION = YES;
				CLANG_WARN_OBJC_IMPLICIT_RETAIN_SELF = YES;
				CLANG_WARN_OBJC_LITERAL_CONVERSION = YES;
				CLANG_WARN_OBJC_ROOT_CLASS = YES_ERROR;
				CLANG_WARN_RANGE_LOOP_ANALYSIS = YES;
				CLANG_WARN_STRICT_PROTOTYPES = YES;
				CLANG_WARN_SUSPICIOUS_MOVE = YES;
				CLANG_WARN_UNGUARDED_AVAILABILITY = YES_AGGRESSIVE;
				CLANG_WARN_UNREACHABLE_CODE = YES;
				CLANG_WARN__DUPLICATE_METHOD_MATCH = YES;
				COPY_PHASE_STRIP = NO;
				DEBUG_INFORMATION_FORMAT = "dwarf-with-dsym";
				ENABLE_NS_ASSERTIONS = NO;
				ENABLE_STRICT_OBJC_MSGSEND = YES;
				GCC_C_LANGUAGE_STANDARD = gnu11;
				GCC_NO_COMMON_BLOCKS = YES;
				GCC_WARN_64_TO_32_BIT_CONVERSION = YES;
				GCC_WARN_ABOUT_RETURN_TYPE = YES_ERROR;
				GCC_WARN_UNDECLARED_SELECTOR = YES;
				GCC_WARN_UNINITIALIZED_AUTOS = YES_AGGRESSIVE;
				GCC_WARN_UNUSED_FUNCTION = YES;
				GCC_WARN_UNUSED_VARIABLE = YES;
				IPHONEOS_DEPLOYMENT_TARGET = 13.2;
				MTL_ENABLE_DEBUG_INFO = NO;
				MTL_FAST_MATH = YES;
				SDKROOT = iphoneos;
				SWIFT_COMPILATION_MODE = wholemodule;
				SWIFT_OPTIMIZATION_LEVEL = "-O";
				VALIDATE_PRODUCT = YES;
			};
			name = Release;
		};
		E259A70D2480DD4700D0F7EB /* Debug */ = {
			isa = XCBuildConfiguration;
			buildSettings = {
				ASSETCATALOG_COMPILER_APPICON_NAME = AppIcon;
				CODE_SIGN_IDENTITY = "Apple Development";
				CODE_SIGN_STYLE = Automatic;
				DEVELOPMENT_TEAM = "";
				INFOPLIST_FILE = "coder-swag/Info.plist";
				LD_RUNPATH_SEARCH_PATHS = (
					"$(inherited)",
					"@executable_path/Frameworks",
				);
				PRODUCT_BUNDLE_IDENTIFIER = "Priya.coder-swag";
				PRODUCT_NAME = "$(TARGET_NAME)";
				PROVISIONING_PROFILE_SPECIFIER = "";
				SWIFT_VERSION = 5.0;
				TARGETED_DEVICE_FAMILY = "1,2";
			};
			name = Debug;
		};
		E259A70E2480DD4700D0F7EB /* Release */ = {
			isa = XCBuildConfiguration;
			buildSettings = {
				ASSETCATALOG_COMPILER_APPICON_NAME = AppIcon;
				CODE_SIGN_IDENTITY = "Apple Development";
				CODE_SIGN_STYLE = Automatic;
				DEVELOPMENT_TEAM = "";
				INFOPLIST_FILE = "coder-swag/Info.plist";
				LD_RUNPATH_SEARCH_PATHS = (
					"$(inherited)",
					"@executable_path/Frameworks",
				);
				PRODUCT_BUNDLE_IDENTIFIER = "Priya.coder-swag";
				PRODUCT_NAME = "$(TARGET_NAME)";
				PROVISIONING_PROFILE_SPECIFIER = "";
				SWIFT_VERSION = 5.0;
				TARGETED_DEVICE_FAMILY = "1,2";
			};
			name = Release;
		};
/* End XCBuildConfiguration section */

/* Begin XCConfigurationList section */
		E259A6F32480DD4600D0F7EB /* Build configuration list for PBXProject "coder-swag" */ = {
			isa = XCConfigurationList;
			buildConfigurations = (
				E259A70A2480DD4700D0F7EB /* Debug */,
				E259A70B2480DD4700D0F7EB /* Release */,
			);
			defaultConfigurationIsVisible = 0;
			defaultConfigurationName = Release;
		};
		E259A70C2480DD4700D0F7EB /* Build configuration list for PBXNativeTarget "coder-swag" */ = {
			isa = XCConfigurationList;
			buildConfigurations = (
				E259A70D2480DD4700D0F7EB /* Debug */,
				E259A70E2480DD4700D0F7EB /* Release */,
			);
			defaultConfigurationIsVisible = 0;
			defaultConfigurationName = Release;
		};
/* End XCConfigurationList section */
	};
	rootObject = E259A6F02480DD4600D0F7EB /* Project object */;
}
